
Microsoft Visual Studio Solution File, Format Version 12.00
# Visual Studio Version 17
VisualStudioVersion = 17.0.31903.59
MinimumVisualStudioVersion = 10.0.40219.1
Project("{2150E333-8FDC-42A3-9474-1A3956D46DE8}") = "src", "src", "{827E0CD3-B72D-47B6-A68D-7590B98EB39B}"
EndProject
Project("{FAE04EC0-301F-11D3-BF4B-00C04F79EFBC}") = "BrighterTools.Messaging", "src\BrighterTools.Messaging\BrighterTools.Messaging.csproj", "{89F4632D-D661-4717-8FE1-DF1997AB6E6B}"
EndProject
Project("{FAE04EC0-301F-11D3-BF4B-00C04F79EFBC}") = "BrighterTools.Messaging.MailKit", "src\BrighterTools.Messaging.MailKit\BrighterTools.Messaging.MailKit.csproj", "{6964B02E-47D2-4BC4-B67D-80DEAAD7FD65}"
EndProject
Project("{FAE04EC0-301F-11D3-BF4B-00C04F79EFBC}") = "BrighterTools.Messaging.Postmark", "src\BrighterTools.Messaging.Postmark\BrighterTools.Messaging.Postmark.csproj", "{EFBD964B-05D1-4ACD-9F6E-38D4AB539FE0}"
EndProject
Project("{FAE04EC0-301F-11D3-BF4B-00C04F79EFBC}") = "BrighterTools.Messaging.Twilio", "src\BrighterTools.Messaging.Twilio\BrighterTools.Messaging.Twilio.csproj", "{F73D7921-A769-4FF7-8070-F7D4B6446701}"
EndProject
Project("{2150E333-8FDC-42A3-9474-1A3956D46DE8}") = "tests", "tests", "{0AB3BF05-4346-4AA6-1389-037BE0695223}"
EndProject
Project("{FAE04EC0-301F-11D3-BF4B-00C04F79EFBC}") = "BrighterTools.Messaging.Tests", "tests\BrighterTools.Messaging.Tests\BrighterTools.Messaging.Tests.csproj", "{EF35456B-290D-4CEE-821C-7A0B433C19A3}"
EndProject
Project("{FAE04EC0-301F-11D3-BF4B-00C04F79EFBC}") = "BrighterTools.Messaging.SendGrid", "src\BrighterTools.Messaging.SendGrid\BrighterTools.Messaging.SendGrid.csproj", "{57100DB1-1448-441A-A92B-53E4DC103CD2}"
EndProject
Global
	GlobalSection(SolutionConfigurationPlatforms) = preSolution
		Debug|Any CPU = Debug|Any CPU
		Debug|x64 = Debug|x64
		Debug|x86 = Debug|x86
		Release|Any CPU = Release|Any CPU
		Release|x64 = Release|x64
		Release|x86 = Release|x86
	EndGlobalSection
	GlobalSection(ProjectConfigurationPlatforms) = postSolution
		{89F4632D-D661-4717-8FE1-DF1997AB6E6B}.Debug|Any CPU.ActiveCfg = Debug|Any CPU
		{89F4632D-D661-4717-8FE1-DF1997AB6E6B}.Debug|Any CPU.Build.0 = Debug|Any CPU
		{89F4632D-D661-4717-8FE1-DF1997AB6E6B}.Debug|x64.ActiveCfg = Debug|Any CPU
		{89F4632D-D661-4717-8FE1-DF1997AB6E6B}.Debug|x64.Build.0 = Debug|Any CPU
		{89F4632D-D661-4717-8FE1-DF1997AB6E6B}.Debug|x86.ActiveCfg = Debug|Any CPU
		{89F4632D-D661-4717-8FE1-DF1997AB6E6B}.Debug|x86.Build.0 = Debug|Any CPU
		{89F4632D-D661-4717-8FE1-DF1997AB6E6B}.Release|Any CPU.ActiveCfg = Release|Any CPU
		{89F4632D-D661-4717-8FE1-DF1997AB6E6B}.Release|Any CPU.Build.0 = Release|Any CPU
		{89F4632D-D661-4717-8FE1-DF1997AB6E6B}.Release|x64.ActiveCfg = Release|Any CPU
		{89F4632D-D661-4717-8FE1-DF1997AB6E6B}.Release|x64.Build.0 = Release|Any CPU
		{89F4632D-D661-4717-8FE1-DF1997AB6E6B}.Release|x86.ActiveCfg = Release|Any CPU
		{89F4632D-D661-4717-8FE1-DF1997AB6E6B}.Release|x86.Build.0 = Release|Any CPU
		{6964B02E-47D2-4BC4-B67D-80DEAAD7FD65}.Debug|Any CPU.ActiveCfg = Debug|Any CPU
		{6964B02E-47D2-4BC4-B67D-80DEAAD7FD65}.Debug|Any CPU.Build.0 = Debug|Any CPU
		{6964B02E-47D2-4BC4-B67D-80DEAAD7FD65}.Debug|x64.ActiveCfg = Debug|Any CPU
		{6964B02E-47D2-4BC4-B67D-80DEAAD7FD65}.Debug|x64.Build.0 = Debug|Any CPU
		{6964B02E-47D2-4BC4-B67D-80DEAAD7FD65}.Debug|x86.ActiveCfg = Debug|Any CPU
		{6964B02E-47D2-4BC4-B67D-80DEAAD7FD65}.Debug|x86.Build.0 = Debug|Any CPU
		{6964B02E-47D2-4BC4-B67D-80DEAAD7FD65}.Release|Any CPU.ActiveCfg = Release|Any CPU
		{6964B02E-47D2-4BC4-B67D-80DEAAD7FD65}.Release|Any CPU.Build.0 = Release|Any CPU
		{6964B02E-47D2-4BC4-B67D-80DEAAD7FD65}.Release|x64.ActiveCfg = Release|Any CPU
		{6964B02E-47D2-4BC4-B67D-80DEAAD7FD65}.Release|x64.Build.0 = Release|Any CPU
		{6964B02E-47D2-4BC4-B67D-80DEAAD7FD65}.Release|x86.ActiveCfg = Release|Any CPU
		{6964B02E-47D2-4BC4-B67D-80DEAAD7FD65}.Release|x86.Build.0 = Release|Any CPU
		{EFBD964B-05D1-4ACD-9F6E-38D4AB539FE0}.Debug|Any CPU.ActiveCfg = Debug|Any CPU
		{EFBD964B-05D1-4ACD-9F6E-38D4AB539FE0}.Debug|Any CPU.Build.0 = Debug|Any CPU
		{EFBD964B-05D1-4ACD-9F6E-38D4AB539FE0}.Debug|x64.ActiveCfg = Debug|Any CPU
		{EFBD964B-05D1-4ACD-9F6E-38D4AB539FE0}.Debug|x64.Build.0 = Debug|Any CPU
		{EFBD964B-05D1-4ACD-9F6E-38D4AB539FE0}.Debug|x86.ActiveCfg = Debug|Any CPU
		{EFBD964B-05D1-4ACD-9F6E-38D4AB539FE0}.Debug|x86.Build.0 = Debug|Any CPU
		{EFBD964B-05D1-4ACD-9F6E-38D4AB539FE0}.Release|Any CPU.ActiveCfg = Release|Any CPU
		{EFBD964B-05D1-4ACD-9F6E-38D4AB539FE0}.Release|Any CPU.Build.0 = Release|Any CPU
		{EFBD964B-05D1-4ACD-9F6E-38D4AB539FE0}.Release|x64.ActiveCfg = Release|Any CPU
		{EFBD964B-05D1-4ACD-9F6E-38D4AB539FE0}.Release|x64.Build.0 = Release|Any CPU
		{EFBD964B-05D1-4ACD-9F6E-38D4AB539FE0}.Release|x86.ActiveCfg = Release|Any CPU
		{EFBD964B-05D1-4ACD-9F6E-38D4AB539FE0}.Release|x86.Build.0 = Release|Any CPU
		{F73D7921-A769-4FF7-8070-F7D4B6446701}.Debug|Any CPU.ActiveCfg = Debug|Any CPU
		{F73D7921-A769-4FF7-8070-F7D4B6446701}.Debug|Any CPU.Build.0 = Debug|Any CPU
		{F73D7921-A769-4FF7-8070-F7D4B6446701}.Debug|x64.ActiveCfg = Debug|Any CPU
		{F73D7921-A769-4FF7-8070-F7D4B6446701}.Debug|x64.Build.0 = Debug|Any CPU
		{F73D7921-A769-4FF7-8070-F7D4B6446701}.Debug|x86.ActiveCfg = Debug|Any CPU
		{F73D7921-A769-4FF7-8070-F7D4B6446701}.Debug|x86.Build.0 = Debug|Any CPU
		{F73D7921-A769-4FF7-8070-F7D4B6446701}.Release|Any CPU.ActiveCfg = Release|Any CPU
		{F73D7921-A769-4FF7-8070-F7D4B6446701}.Release|Any CPU.Build.0 = Release|Any CPU
		{F73D7921-A769-4FF7-8070-F7D4B6446701}.Release|x64.ActiveCfg = Release|Any CPU
		{F73D7921-A769-4FF7-8070-F7D4B6446701}.Release|x64.Build.0 = Release|Any CPU
		{F73D7921-A769-4FF7-8070-F7D4B6446701}.Release|x86.ActiveCfg = Release|Any CPU
		{F73D7921-A769-4FF7-8070-F7D4B6446701}.Release|x86.Build.0 = Release|Any CPU
		{EF35456B-290D-4CEE-821C-7A0B433C19A3}.Debug|Any CPU.ActiveCfg = Debug|Any CPU
		{EF35456B-290D-4CEE-821C-7A0B433C19A3}.Debug|Any CPU.Build.0 = Debug|Any CPU
		{EF35456B-290D-4CEE-821C-7A0B433C19A3}.Debug|x64.ActiveCfg = Debug|Any CPU
		{EF35456B-290D-4CEE-821C-7A0B433C19A3}.Debug|x64.Build.0 = Debug|Any CPU
		{EF35456B-290D-4CEE-821C-7A0B433C19A3}.Debug|x86.ActiveCfg = Debug|Any CPU
		{EF35456B-290D-4CEE-821C-7A0B433C19A3}.Debug|x86.Build.0 = Debug|Any CPU
		{EF35456B-290D-4CEE-821C-7A0B433C19A3}.Release|Any CPU.ActiveCfg = Release|Any CPU
		{EF35456B-290D-4CEE-821C-7A0B433C19A3}.Release|Any CPU.Build.0 = Release|Any CPU
		{EF35456B-290D-4CEE-821C-7A0B433C19A3}.Release|x64.ActiveCfg = Release|Any CPU
		{EF35456B-290D-4CEE-821C-7A0B433C19A3}.Release|x64.Build.0 = Release|Any CPU
		{EF35456B-290D-4CEE-821C-7A0B433C19A3}.Release|x86.ActiveCfg = Release|Any CPU
		{EF35456B-290D-4CEE-821C-7A0B433C19A3}.Release|x86.Build.0 = Release|Any CPU
		{57100DB1-1448-441A-A92B-53E4DC103CD2}.Debug|Any CPU.ActiveCfg = Debug|Any CPU
		{57100DB1-1448-441A-A92B-53E4DC103CD2}.Debug|Any CPU.Build.0 = Debug|Any CPU
		{57100DB1-1448-441A-A92B-53E4DC103CD2}.Debug|x64.ActiveCfg = Debug|Any CPU
		{57100DB1-1448-441A-A92B-53E4DC103CD2}.Debug|x64.Build.0 = Debug|Any CPU
		{57100DB1-1448-441A-A92B-53E4DC103CD2}.Debug|x86.ActiveCfg = Debug|Any CPU
		{57100DB1-1448-441A-A92B-53E4DC103CD2}.Debug|x86.Build.0 = Debug|Any CPU
		{57100DB1-1448-441A-A92B-53E4DC103CD2}.Release|Any CPU.ActiveCfg = Release|Any CPU
		{57100DB1-1448-441A-A92B-53E4DC103CD2}.Release|Any CPU.Build.0 = Release|Any CPU
		{57100DB1-1448-441A-A92B-53E4DC103CD2}.Release|x64.ActiveCfg = Release|Any CPU
		{57100DB1-1448-441A-A92B-53E4DC103CD2}.Release|x64.Build.0 = Release|Any CPU
		{57100DB1-1448-441A-A92B-53E4DC103CD2}.Release|x86.ActiveCfg = Release|Any CPU
		{57100DB1-1448-441A-A92B-53E4DC103CD2}.Release|x86.Build.0 = Release|Any CPU
	EndGlobalSection
	GlobalSection(SolutionProperties) = preSolution
		HideSolutionNode = FALSE
	EndGlobalSection
	GlobalSection(NestedProjects) = preSolution
		{89F4632D-D661-4717-8FE1-DF1997AB6E6B} = {827E0CD3-B72D-47B6-A68D-7590B98EB39B}
		{6964B02E-47D2-4BC4-B67D-80DEAAD7FD65} = {827E0CD3-B72D-47B6-A68D-7590B98EB39B}
		{EFBD964B-05D1-4ACD-9F6E-38D4AB539FE0} = {827E0CD3-B72D-47B6-A68D-7590B98EB39B}
		{F73D7921-A769-4FF7-8070-F7D4B6446701} = {827E0CD3-B72D-47B6-A68D-7590B98EB39B}
		{EF35456B-290D-4CEE-821C-7A0B433C19A3} = {0AB3BF05-4346-4AA6-1389-037BE0695223}
		{57100DB1-1448-441A-A92B-53E4DC103CD2} = {827E0CD3-B72D-47B6-A68D-7590B98EB39B}
	EndGlobalSection
EndGlobal
